
Microsoft Visual Studio Solution File, Format Version 12.00
# Visual Studio Version 17
VisualStudioVersion = 17.2.32505.173
MinimumVisualStudioVersion = 10.0.40219.1
Project("{8BC9CEB8-8B4A-11D0-8D11-00A0C91BC942}") = "ktoydemo", "ktoydemo\ktoydemo.vcxproj", "{6F2F9D15-0998-45B5-95D7-BD44DD9A3E59}"
EndProject
Project("{8BC9CEB8-8B4A-11D0-8D11-00A0C91BC942}") = "irbdemo", "irbdemo\irbdemo.vcxproj", "{26D1E49F-BBB6-4DEC-A794-4F3074891F1D}"
EndProject
Project("{8BC9CEB8-8B4A-11D0-8D11-00A0C91BC942}") = "kt9demo", "kt9demo\kt9demo.vcxproj", "{15AECD6A-9D6D-4617-A7A5-F3B5A933F93A}"
EndProject
Global
	GlobalSection(SolutionConfigurationPlatforms) = preSolution
		Debug|x64 = Debug|x64
		Debug|x86 = Debug|x86
		Release|x64 = Release|x64
		Release|x86 = Release|x86
	EndGlobalSection
	GlobalSection(ProjectConfigurationPlatforms) = postSolution
		{6F2F9D15-0998-45B5-95D7-BD44DD9A3E59}.Debug|x64.ActiveCfg = Debug|x64
		{6F2F9D15-0998-45B5-95D7-BD44DD9A3E59}.Debug|x64.Build.0 = Debug|x64
		{6F2F9D15-0998-45B5-95D7-BD44DD9A3E59}.Debug|x86.ActiveCfg = Debug|Win32
		{6F2F9D15-0998-45B5-95D7-BD44DD9A3E59}.Debug|x86.Build.0 = Debug|Win32
		{6F2F9D15-0998-45B5-95D7-BD44DD9A3E59}.Release|x64.ActiveCfg = Release|x64
		{6F2F9D15-0998-45B5-95D7-BD44DD9A3E59}.Release|x64.Build.0 = Release|x64
		{6F2F9D15-0998-45B5-95D7-BD44DD9A3E59}.Release|x86.ActiveCfg = Release|Win32
		{6F2F9D15-0998-45B5-95D7-BD44DD9A3E59}.Release|x86.Build.0 = Release|Win32
		{26D1E49F-BBB6-4DEC-A794-4F3074891F1D}.Debug|x64.ActiveCfg = Debug|x64
		{26D1E49F-BBB6-4DEC-A794-4F3074891F1D}.Debug|x64.Build.0 = Debug|x64
		{26D1E49F-BBB6-4DEC-A794-4F3074891F1D}.Debug|x86.ActiveCfg = Debug|Win32
		{26D1E49F-BBB6-4DEC-A794-4F3074891F1D}.Debug|x86.Build.0 = Debug|Win32
		{26D1E49F-BBB6-4DEC-A794-4F3074891F1D}.Release|x64.ActiveCfg = Release|x64
		{26D1E49F-BBB6-4DEC-A794-4F3074891F1D}.Release|x64.Build.0 = Release|x64
		{26D1E49F-BBB6-4DEC-A794-4F3074891F1D}.Release|x86.ActiveCfg = Release|Win32
		{26D1E49F-BBB6-4DEC-A794-4F3074891F1D}.Release|x86.Build.0 = Release|Win32
		{15AECD6A-9D6D-4617-A7A5-F3B5A933F93A}.Debug|x64.ActiveCfg = Debug|x64
		{15AECD6A-9D6D-4617-A7A5-F3B5A933F93A}.Debug|x64.Build.0 = Debug|x64
		{15AECD6A-9D6D-4617-A7A5-F3B5A933F93A}.Debug|x86.ActiveCfg = Debug|Win32
		{15AECD6A-9D6D-4617-A7A5-F3B5A933F93A}.Debug|x86.Build.0 = Debug|Win32
		{15AECD6A-9D6D-4617-A7A5-F3B5A933F93A}.Release|x64.ActiveCfg = Release|x64
		{15AECD6A-9D6D-4617-A7A5-F3B5A933F93A}.Release|x64.Build.0 = Release|x64
		{15AECD6A-9D6D-4617-A7A5-F3B5A933F93A}.Release|x86.ActiveCfg = Release|Win32
		{15AECD6A-9D6D-4617-A7A5-F3B5A933F93A}.Release|x86.Build.0 = Release|Win32
	EndGlobalSection
	GlobalSection(SolutionProperties) = preSolution
		HideSolutionNode = FALSE
	EndGlobalSection
	GlobalSection(ExtensibilityGlobals) = postSolution
		SolutionGuid = {169DC78B-25B6-4299-A7DD-5D41F9EDBF4B}
	EndGlobalSection
EndGlobal
